// !$*UTF8*$!
{
	archiveVersion = 1;
	classes = {
	};
	objectVersion = 55;
	objects = {

/* Begin PBXBuildFile section */
		BDFAC311286A015E003FAF14 /* AppDelegate.swift in Sources */ = {isa = PBXBuildFile; fileRef = BDFAC310286A015E003FAF14 /* AppDelegate.swift */; };
		BDFAC313286A015E003FAF14 /* SceneDelegate.swift in Sources */ = {isa = PBXBuildFile; fileRef = BDFAC312286A015E003FAF14 /* SceneDelegate.swift */; };
		BDFAC315286A015E003FAF14 /* ViewController.swift in Sources */ = {isa = PBXBuildFile; fileRef = BDFAC314286A015E003FAF14 /* ViewController.swift */; };
		BDFAC318286A015E003FAF14 /* Main.storyboard in Resources */ = {isa = PBXBuildFile; fileRef = BDFAC316286A015E003FAF14 /* Main.storyboard */; };
		BDFAC31B286A015E003FAF14 /* todolist2022W2.xcdatamodeld in Sources */ = {isa = PBXBuildFile; fileRef = BDFAC319286A015E003FAF14 /* todolist2022W2.xcdatamodeld */; };
		BDFAC31D286A015F003FAF14 /* Assets.xcassets in Resources */ = {isa = PBXBuildFile; fileRef = BDFAC31C286A015F003FAF14 /* Assets.xcassets */; };
		BDFAC320286A015F003FAF14 /* LaunchScreen.storyboard in Resources */ = {isa = PBXBuildFile; fileRef = BDFAC31E286A015F003FAF14 /* LaunchScreen.storyboard */; };
		BDFAC328286A0473003FAF14 /* ToDoTableViewController.swift in Sources */ = {isa = PBXBuildFile; fileRef = BDFAC327286A0473003FAF14 /* ToDoTableViewController.swift */; };
/* End PBXBuildFile section */

/* Begin PBXFileReference section */
		BDFAC30D286A015E003FAF14 /* todolist2022W2.app */ = {isa = PBXFileReference; explicitFileType = wrapper.application; includeInIndex = 0; path = todolist2022W2.app; sourceTree = BUILT_PRODUCTS_DIR; };
		BDFAC310286A015E003FAF14 /* AppDelegate.swift */ = {isa = PBXFileReference; lastKnownFileType = sourcecode.swift; path = AppDelegate.swift; sourceTree = "<group>"; };
		BDFAC312286A015E003FAF14 /* SceneDelegate.swift */ = {isa = PBXFileReference; lastKnownFileType = sourcecode.swift; path = SceneDelegate.swift; sourceTree = "<group>"; };
		BDFAC314286A015E003FAF14 /* ViewController.swift */ = {isa = PBXFileReference; lastKnownFileType = sourcecode.swift; path = ViewController.swift; sourceTree = "<group>"; };
		BDFAC317286A015E003FAF14 /* Base */ = {isa = PBXFileReference; lastKnownFileType = file.storyboard; name = Base; path = Base.lproj/Main.storyboard; sourceTree = "<group>"; };
		BDFAC31A286A015E003FAF14 /* todolist2022W2.xcdatamodel */ = {isa = PBXFileReference; lastKnownFileType = wrapper.xcdatamodel; path = todolist2022W2.xcdatamodel; sourceTree = "<group>"; };
		BDFAC31C286A015F003FAF14 /* Assets.xcassets */ = {isa = PBXFileReference; lastKnownFileType = folder.assetcatalog; path = Assets.xcassets; sourceTree = "<group>"; };
		BDFAC31F286A015F003FAF14 /* Base */ = {isa = PBXFileReference; lastKnownFileType = file.storyboard; name = Base; path = Base.lproj/LaunchScreen.storyboard; sourceTree = "<group>"; };
		BDFAC321286A015F003FAF14 /* Info.plist */ = {isa = PBXFileReference; lastKnownFileType = text.plist.xml; path = Info.plist; sourceTree = "<group>"; };
		BDFAC327286A0473003FAF14 /* ToDoTableViewController.swift */ = {isa = PBXFileReference; lastKnownFileType = sourcecode.swift; path = ToDoTableViewController.swift; sourceTree = "<group>"; };
/* End PBXFileReference section */

/* Begin PBXFrameworksBuildPhase section */
		BDFAC30A286A015E003FAF14 /* Frameworks */ = {
			isa = PBXFrameworksBuildPhase;
			buildActionMask = 2147483647;
			files = (
			);
			runOnlyForDeploymentPostprocessing = 0;
		};
/* End PBXFrameworksBuildPhase section */

/* Begin PBXGroup section */
		BDFAC304286A015E003FAF14 = {
			isa = PBXGroup;
			children = (
				BDFAC30F286A015E003FAF14 /* todolist2022W2 */,
				BDFAC30E286A015E003FAF14 /* Products */,
			);
			sourceTree = "<group>";
		};
		BDFAC30E286A015E003FAF14 /* Products */ = {
			isa = PBXGroup;
			children = (
				BDFAC30D286A015E003FAF14 /* todolist2022W2.app */,
			);
			name = Products;
			sourceTree = "<group>";
		};
		BDFAC30F286A015E003FAF14 /* todolist2022W2 */ = {
			isa = PBXGroup;
			children = (
				BDFAC310286A015E003FAF14 /* AppDelegate.swift */,
				BDFAC312286A015E003FAF14 /* SceneDelegate.swift */,
				BDFAC314286A015E003FAF14 /* ViewController.swift */,
				BDFAC316286A015E003FAF14 /* Main.storyboard */,
				BDFAC327286A0473003FAF14 /* ToDoTableViewController.swift */,
				BDFAC31C286A015F003FAF14 /* Assets.xcassets */,
				BDFAC31E286A015F003FAF14 /* LaunchScreen.storyboard */,
				BDFAC321286A015F003FAF14 /* Info.plist */,
				BDFAC319286A015E003FAF14 /* todolist2022W2.xcdatamodeld */,
			);
			path = todolist2022W2;
			sourceTree = "<group>";
		};
/* End PBXGroup section */

/* Begin PBXNativeTarget section */
		BDFAC30C286A015E003FAF14 /* todolist2022W2 */ = {
			isa = PBXNativeTarget;
			buildConfigurationList = BDFAC324286A015F003FAF14 /* Build configuration list for PBXNativeTarget "todolist2022W2" */;
			buildPhases = (
				BDFAC309286A015E003FAF14 /* Sources */,
				BDFAC30A286A015E003FAF14 /* Frameworks */,
				BDFAC30B286A015E003FAF14 /* Resources */,
			);
			buildRules = (
			);
			dependencies = (
			);
			name = todolist2022W2;
			productName = todolist2022W2;
			productReference = BDFAC30D286A015E003FAF14 /* todolist2022W2.app */;
			productType = "com.apple.product-type.application";
		};
/* End PBXNativeTarget section */

/* Begin PBXProject section */
		BDFAC305286A015E003FAF14 /* Project object */ = {
			isa = PBXProject;
			attributes = {
				BuildIndependentTargetsInParallel = 1;
				LastSwiftUpdateCheck = 1340;
				LastUpgradeCheck = 1340;
				TargetAttributes = {
					BDFAC30C286A015E003FAF14 = {
						CreatedOnToolsVersion = 13.4;
					};
				};
			};
			buildConfigurationList = BDFAC308286A015E003FAF14 /* Build configuration list for PBXProject "todolist2022W2" */;
			compatibilityVersion = "Xcode 13.0";
			developmentRegion = en;
			hasScannedForEncodings = 0;
			knownRegions = (
				en,
				Base,
			);
			mainGroup = BDFAC304286A015E003FAF14;
			productRefGroup = BDFAC30E286A015E003FAF14 /* Products */;
			projectDirPath = "";
			projectRoot = "";
			targets = (
				BDFAC30C286A015E003FAF14 /* todolist2022W2 */,
			);
		};
/* End PBXProject section */

/* Begin PBXResourcesBuildPhase section */
		BDFAC30B286A015E003FAF14 /* Resources */ = {
			isa = PBXResourcesBuildPhase;
			buildActionMask = 2147483647;
			files = (
				BDFAC320286A015F003FAF14 /* LaunchScreen.storyboard in Resources */,
				BDFAC31D286A015F003FAF14 /* Assets.xcassets in Resources */,
				BDFAC318286A015E003FAF14 /* Main.storyboard in Resources */,
			);
			runOnlyForDeploymentPostprocessing = 0;
		};
/* End PBXResourcesBuildPhase section */

/* Begin PBXSourcesBuildPhase section */
		BDFAC309286A015E003FAF14 /* Sources */ = {
			isa = PBXSourcesBuildPhase;
			buildActionMask = 2147483647;
			files = (
				BDFAC31B286A015E003FAF14 /* todolist2022W2.xcdatamodeld in Sources */,
				BDFAC315286A015E003FAF14 /* ViewController.swift in Sources */,
				BDFAC311286A015E003FAF14 /* AppDelegate.swift in Sources */,
				BDFAC313286A015E003FAF14 /* SceneDelegate.swift in Sources */,
				BDFAC328286A0473003FAF14 /* ToDoTableViewController.swift in Sources */,
			);
			runOnlyForDeploymentPostprocessing = 0;
		};
/* End PBXSourcesBuildPhase section */

/* Begin PBXVariantGroup section */
		BDFAC316286A015E003FAF14 /* Main.storyboard */ = {
			isa = PBXVariantGroup;
			children = (
				BDFAC317286A015E003FAF14 /* Base */,
			);
			name = Main.storyboard;
			sourceTree = "<group>";
		};
		BDFAC31E286A015F003FAF14 /* LaunchScreen.storyboard */ = {
			isa = PBXVariantGroup;
			children = (
				BDFAC31F286A015F003FAF14 /* Base */,
			);
			name = LaunchScreen.storyboard;
			sourceTree = "<group>";
		};
/* End PBXVariantGroup section */

/* Begin XCBuildConfiguration section */
		BDFAC322286A015F003FAF14 /* Debug */ = {
			isa = XCBuildConfiguration;
			buildSettings = {
				ALWAYS_SEARCH_USER_PATHS = NO;
				CLANG_ANALYZER_NONNULL = YES;
				CLANG_ANALYZER_NUMBER_OBJECT_CONVERSION = YES_AGGRESSIVE;
				CLANG_CXX_LANGUAGE_STANDARD = "gnu++17";
				CLANG_ENABLE_MODULES = YES;
				CLANG_ENABLE_OBJC_ARC = YES;
				CLANG_ENABLE_OBJC_WEAK = YES;
				CLANG_WARN_BLOCK_CAPTURE_AUTORELEASING = YES;
				CLANG_WARN_BOOL_CONVERSION = YES;
				CLANG_WARN_COMMA = YES;
				CLANG_WARN_CONSTANT_CONVERSION = YES;
				CLANG_WARN_DEPRECATED_OBJC_IMPLEMENTATIONS = YES;
				CLANG_WARN_DIRECT_OBJC_ISA_USAGE = YES_ERROR;
				CLANG_WARN_DOCUMENTATION_COMMENTS = YES;
				CLANG_WARN_EMPTY_BODY = YES;
				CLANG_WARN_ENUM_CONVERSION = YES;
				CLANG_WARN_INFINITE_RECURSION = YES;
				CLANG_WARN_INT_CONVERSION = YES;
				CLANG_WARN_NON_LITERAL_NULL_CONVERSION = YES;
				CLANG_WARN_OBJC_IMPLICIT_RETAIN_SELF = YES;
				CLANG_WARN_OBJC_LITERAL_CONVERSION = YES;
				CLANG_WARN_OBJC_ROOT_CLASS = YES_ERROR;
				CLANG_WARN_QUOTED_INCLUDE_IN_FRAMEWORK_HEADER = YES;
				CLANG_WARN_RANGE_LOOP_ANALYSIS = YES;
				CLANG_WARN_STRICT_PROTOTYPES = YES;
				CLANG_WARN_SUSPICIOUS_MOVE = YES;
				CLANG_WARN_UNGUARDED_AVAILABILITY = YES_AGGRESSIVE;
				CLANG_WARN_UNREACHABLE_CODE = YES;
				CLANG_WARN__DUPLICATE_METHOD_MATCH = YES;
				COPY_PHASE_STRIP = NO;
				DEBUG_INFORMATION_FORMAT = dwarf;
				ENABLE_STRICT_OBJC_MSGSEND = YES;
				ENABLE_TESTABILITY = YES;
				GCC_C_LANGUAGE_STANDARD = gnu11;
				GCC_DYNAMIC_NO_PIC = NO;
				GCC_NO_COMMON_BLOCKS = YES;
				GCC_OPTIMIZATION_LEVEL = 0;
				GCC_PREPROCESSOR_DEFINITIONS = (
					"DEBUG=1",
					"$(inherited)",
				);
				GCC_WARN_64_TO_32_BIT_CONVERSION = YES;
				GCC_WARN_ABOUT_RETURN_TYPE = YES_ERROR;
				GCC_WARN_UNDECLARED_SELECTOR = YES;
				GCC_WARN_UNINITIALIZED_AUTOS = YES_AGGRESSIVE;
				GCC_WARN_UNUSED_FUNCTION = YES;
				GCC_WARN_UNUSED_VARIABLE = YES;
				IPHONEOS_DEPLOYMENT_TARGET = 15.5;
				MTL_ENABLE_DEBUG_INFO = INCLUDE_SOURCE;
				MTL_FAST_MATH = YES;
				ONLY_ACTIVE_ARCH = YES;
				SDKROOT = iphoneos;
				SWIFT_ACTIVE_COMPILATION_CONDITIONS = DEBUG;
				SWIFT_OPTIMIZATION_LEVEL = "-Onone";
			};
			name = Debug;
		};
		BDFAC323286A015F003FAF14 /* Release */ = {
			isa = XCBuildConfiguration;
			buildSettings = {
				ALWAYS_SEARCH_USER_PATHS = NO;
				CLANG_ANALYZER_NONNULL = YES;
				CLANG_ANALYZER_NUMBER_OBJECT_CONVERSION = YES_AGGRESSIVE;
				CLANG_CXX_LANGUAGE_STANDARD = "gnu++17";
				CLANG_ENABLE_MODULES = YES;
				CLANG_ENABLE_OBJC_ARC = YES;
				CLANG_ENABLE_OBJC_WEAK = YES;
				CLANG_WARN_BLOCK_CAPTURE_AUTORELEASING = YES;
				CLANG_WARN_BOOL_CONVERSION = YES;
				CLANG_WARN_COMMA = YES;
				CLANG_WARN_CONSTANT_CONVERSION = YES;
				CLANG_WARN_DEPRECATED_OBJC_IMPLEMENTATIONS = YES;
				CLANG_WARN_DIRECT_OBJC_ISA_USAGE = YES_ERROR;
				CLANG_WARN_DOCUMENTATION_COMMENTS = YES;
				CLANG_WARN_EMPTY_BODY = YES;
				CLANG_WARN_ENUM_CONVERSION = YES;
				CLANG_WARN_INFINITE_RECURSION = YES;
				CLANG_WARN_INT_CONVERSION = YES;
				CLANG_WARN_NON_LITERAL_NULL_CONVERSION = YES;
				CLANG_WARN_OBJC_IMPLICIT_RETAIN_SELF = YES;
				CLANG_WARN_OBJC_LITERAL_CONVERSION = YES;
				CLANG_WARN_OBJC_ROOT_CLASS = YES_ERROR;
				CLANG_WARN_QUOTED_INCLUDE_IN_FRAMEWORK_HEADER = YES;
				CLANG_WARN_RANGE_LOOP_ANALYSIS = YES;
				CLANG_WARN_STRICT_PROTOTYPES = YES;
				CLANG_WARN_SUSPICIOUS_MOVE = YES;
				CLANG_WARN_UNGUARDED_AVAILABILITY = YES_AGGRESSIVE;
				CLANG_WARN_UNREACHABLE_CODE = YES;
				CLANG_WARN__DUPLICATE_METHOD_MATCH = YES;
				COPY_PHASE_STRIP = NO;
				DEBUG_INFORMATION_FORMAT = "dwarf-with-dsym";
				ENABLE_NS_ASSERTIONS = NO;
				ENABLE_STRICT_OBJC_MSGSEND = YES;
				GCC_C_LANGUAGE_STANDARD = gnu11;
				GCC_NO_COMMON_BLOCKS = YES;
				GCC_WARN_64_TO_32_BIT_CONVERSION = YES;
				GCC_WARN_ABOUT_RETURN_TYPE = YES_ERROR;
				GCC_WARN_UNDECLARED_SELECTOR = YES;
				GCC_WARN_UNINITIALIZED_AUTOS = YES_AGGRESSIVE;
				GCC_WARN_UNUSED_FUNCTION = YES;
				GCC_WARN_UNUSED_VARIABLE = YES;
				IPHONEOS_DEPLOYMENT_TARGET = 15.5;
				MTL_ENABLE_DEBUG_INFO = NO;
				MTL_FAST_MATH = YES;
				SDKROOT = iphoneos;
				SWIFT_COMPILATION_MODE = wholemodule;
				SWIFT_OPTIMIZATION_LEVEL = "-O";
				VALIDATE_PRODUCT = YES;
			};
			name = Release;
		};
		BDFAC325286A015F003FAF14 /* Debug */ = {
			isa = XCBuildConfiguration;
			buildSettings = {
				ASSETCATALOG_COMPILER_APPICON_NAME = AppIcon;
				ASSETCATALOG_COMPILER_GLOBAL_ACCENT_COLOR_NAME = AccentColor;
				CODE_SIGN_STYLE = Automatic;
				CURRENT_PROJECT_VERSION = 1;
				GENERATE_INFOPLIST_FILE = YES;
				INFOPLIST_FILE = todolist2022W2/Info.plist;
				INFOPLIST_KEY_UIApplicationSupportsIndirectInputEvents = YES;
				INFOPLIST_KEY_UILaunchStoryboardName = LaunchScreen;
				INFOPLIST_KEY_UIMainStoryboardFile = Main;
				INFOPLIST_KEY_UISupportedInterfaceOrientations_iPad = "UIInterfaceOrientationPortrait UIInterfaceOrientationPortraitUpsideDown UIInterfaceOrientationLandscapeLeft UIInterfaceOrientationLandscapeRight";
				INFOPLIST_KEY_UISupportedInterfaceOrientations_iPhone = "UIInterfaceOrientationPortrait UIInterfaceOrientationLandscapeLeft UIInterfaceOrientationLandscapeRight";
				LD_RUNPATH_SEARCH_PATHS = (
					"$(inherited)",
					"@executable_path/Frameworks",
				);
				MARKETING_VERSION = 1.0;
				PRODUCT_BUNDLE_IDENTIFIER = sample.todolist2022W2;
				PRODUCT_NAME = "$(TARGET_NAME)";
				SWIFT_EMIT_LOC_STRINGS = YES;
				SWIFT_VERSION = 5.0;
				TARGETED_DEVICE_FAMILY = "1,2";
			};
			name = Debug;
		};
		BDFAC326286A015F003FAF14 /* Release */ = {
			isa = XCBuildConfiguration;
			buildSettings = {
				ASSETCATALOG_COMPILER_APPICON_NAME = AppIcon;
				ASSETCATALOG_COMPILER_GLOBAL_ACCENT_COLOR_NAME = AccentColor;
				CODE_SIGN_STYLE = Automatic;
				CURRENT_PROJECT_VERSION = 1;
				GENERATE_INFOPLIST_FILE = YES;
				INFOPLIST_FILE = todolist2022W2/Info.plist;
				INFOPLIST_KEY_UIApplicationSupportsIndirectInputEvents = YES;
				INFOPLIST_KEY_UILaunchStoryboardName = LaunchScreen;
				INFOPLIST_KEY_UIMainStoryboardFile = Main;
				INFOPLIST_KEY_UISupportedInterfaceOrientations_iPad = "UIInterfaceOrientationPortrait UIInterfaceOrientationPortraitUpsideDown UIInterfaceOrientationLandscapeLeft UIInterfaceOrientationLandscapeRight";
				INFOPLIST_KEY_UISupportedInterfaceOrientations_iPhone = "UIInterfaceOrientationPortrait UIInterfaceOrientationLandscapeLeft UIInterfaceOrientationLandscapeRight";
				LD_RUNPATH_SEARCH_PATHS = (
					"$(inherited)",
					"@executable_path/Frameworks",
				);
				MARKETING_VERSION = 1.0;
				PRODUCT_BUNDLE_IDENTIFIER = sample.todolist2022W2;
				PRODUCT_NAME = "$(TARGET_NAME)";
				SWIFT_EMIT_LOC_STRINGS = YES;
				SWIFT_VERSION = 5.0;
				TARGETED_DEVICE_FAMILY = "1,2";
			};
			name = Release;
		};
/* End XCBuildConfiguration section */

/* Begin XCConfigurationList section */
		BDFAC308286A015E003FAF14 /* Build configuration list for PBXProject "todolist2022W2" */ = {
			isa = XCConfigurationList;
			buildConfigurations = (
				BDFAC322286A015F003FAF14 /* Debug */,
				BDFAC323286A015F003FAF14 /* Release */,
			);
			defaultConfigurationIsVisible = 0;
			defaultConfigurationName = Release;
		};
		BDFAC324286A015F003FAF14 /* Build configuration list for PBXNativeTarget "todolist2022W2" */ = {
			isa = XCConfigurationList;
			buildConfigurations = (
				BDFAC325286A015F003FAF14 /* Debug */,
				BDFAC326286A015F003FAF14 /* Release */,
			);
			defaultConfigurationIsVisible = 0;
			defaultConfigurationName = Release;
		};
/* End XCConfigurationList section */

/* Begin XCVersionGroup section */
		BDFAC319286A015E003FAF14 /* todolist2022W2.xcdatamodeld */ = {
			isa = XCVersionGroup;
			children = (
				BDFAC31A286A015E003FAF14 /* todolist2022W2.xcdatamodel */,
			);
			currentVersion = BDFAC31A286A015E003FAF14 /* todolist2022W2.xcdatamodel */;
			path = todolist2022W2.xcdatamodeld;
			sourceTree = "<group>";
			versionGroupType = wrapper.xcdatamodel;
		};
/* End XCVersionGroup section */
	};
	rootObject = BDFAC305286A015E003FAF14 /* Project object */;
}
